
Microsoft Visual Studio Solution File, Format Version 12.00
# Visual Studio Version 17
VisualStudioVersion = 17.10.34928.147
MinimumVisualStudioVersion = 10.0.40219.1
Project("{FAE04EC0-301F-11D3-BF4B-00C04F79EFBC}") = "KrezBitboard", "KrezBitboard\KrezBitboard.csproj", "{AE694979-6D49-4D34-B97E-22D627C600F2}"
EndProject
Project("{FAE04EC0-301F-11D3-BF4B-00C04F79EFBC}") = "testGround", "testGround\testGround.csproj", "{F7AE28AD-305A-4847-AACD-6387B261A6E5}"
EndProject
Global
	GlobalSection(SolutionConfigurationPlatforms) = preSolution
		Debug|Any CPU = Debug|Any CPU
		Release|Any CPU = Release|Any CPU
	EndGlobalSection
	GlobalSection(ProjectConfigurationPlatforms) = postSolution
		{AE694979-6D49-4D34-B97E-22D627C600F2}.Debug|Any CPU.ActiveCfg = Debug|Any CPU
		{AE694979-6D49-4D34-B97E-22D627C600F2}.Debug|Any CPU.Build.0 = Debug|Any CPU
		{AE694979-6D49-4D34-B97E-22D627C600F2}.Release|Any CPU.ActiveCfg = Release|Any CPU
		{AE694979-6D49-4D34-B97E-22D627C600F2}.Release|Any CPU.Build.0 = Release|Any CPU
		{F7AE28AD-305A-4847-AACD-6387B261A6E5}.Debug|Any CPU.ActiveCfg = Debug|Any CPU
		{F7AE28AD-305A-4847-AACD-6387B261A6E5}.Debug|Any CPU.Build.0 = Debug|Any CPU
		{F7AE28AD-305A-4847-AACD-6387B261A6E5}.Release|Any CPU.ActiveCfg = Release|Any CPU
		{F7AE28AD-305A-4847-AACD-6387B261A6E5}.Release|Any CPU.Build.0 = Release|Any CPU
	EndGlobalSection
	GlobalSection(SolutionProperties) = preSolution
		HideSolutionNode = FALSE
	EndGlobalSection
	GlobalSection(ExtensibilityGlobals) = postSolution
		SolutionGuid = {45B2F51F-CCF4-4EE1-ACA9-CCBB0138D49A}
	EndGlobalSection
EndGlobal
